{
  "name": "client-angular",
  "lockfileVersion": 2,
  "requires": true,
  "packages": {
    "": {
      "dependencies": {
        "create-cloudflare": "^2.6.1"
      }
    },
    "node_modules/create-cloudflare": {
      "version": "2.6.1",
      "resolved": "https://registry.npmjs.org/create-cloudflare/-/create-cloudflare-2.6.1.tgz",
      "integrity": "sha512-OlBVvgR1dCzlwwDF4TjY5/C23Pmdrq2VxjaUar3DPPq+SsHkQ+mvrssYHWosA6xI4Kc4vLeGtfLoK1FoSD9RGA==",
      "bin": {
        "create-cloudflare": "dist/cli.js"
      },
      "engines": {
        "node": ">=18.14.1"
      }
    }
  },
  "dependencies": {
    "create-cloudflare": {
      "version": "2.6.1",
      "resolved": "https://registry.npmjs.org/create-cloudflare/-/create-cloudflare-2.6.1.tgz",
      "integrity": "sha512-OlBVvgR1dCzlwwDF4TjY5/C23Pmdrq2VxjaUar3DPPq+SsHkQ+mvrssYHWosA6xI4Kc4vLeGtfLoK1FoSD9RGA=="
    }
  }
}
